// !$*UTF8*$!
{
	archiveVersion = 1;
	classes = {
	};
	objectVersion = 52;
	objects = {

/* Begin PBXBuildFile section */
		2CBB2507235B3B9B00ED8A1F /* AppDelegate.swift in Sources */ = {isa = PBXBuildFile; fileRef = 2CBB2506235B3B9B00ED8A1F /* AppDelegate.swift */; };
		2CBB2509235B3B9C00ED8A1F /* Assets.xcassets in Resources */ = {isa = PBXBuildFile; fileRef = 2CBB2508235B3B9C00ED8A1F /* Assets.xcassets */; };
		2CBB250C235B3B9C00ED8A1F /* MainMenu.xib in Resources */ = {isa = PBXBuildFile; fileRef = 2CBB250A235B3B9C00ED8A1F /* MainMenu.xib */; };
		2CBB2538235BF75400ED8A1F /* PopoverViewController.xib in Resources */ = {isa = PBXBuildFile; fileRef = 2CBB2536235BF75400ED8A1F /* PopoverViewController.xib */; };
		2CBB2539235BF75400ED8A1F /* PopoverViewController.swift in Sources */ = {isa = PBXBuildFile; fileRef = 2CBB2537235BF75400ED8A1F /* PopoverViewController.swift */; };
		E7117D0923EFB068006F605B /* AppDelegate.swift in Sources */ = {isa = PBXBuildFile; fileRef = E7117D0823EFB068006F605B /* AppDelegate.swift */; };
		E7117D0D23EFB069006F605B /* Assets.xcassets in Resources */ = {isa = PBXBuildFile; fileRef = E7117D0C23EFB069006F605B /* Assets.xcassets */; };
		E7117D1A23EFB1EF006F605B /* LauncherTrans.app in CopyFiles */ = {isa = PBXBuildFile; fileRef = E7117D0623EFB068006F605B /* LauncherTrans.app */; settings = {ATTRIBUTES = (RemoveHeadersOnCopy, ); }; };
		E7117D1D23EFB238006F605B /* ServiceManagement.framework in Frameworks */ = {isa = PBXBuildFile; fileRef = E7117D1C23EFB238006F605B /* ServiceManagement.framework */; };
		E717BC0F240F97C400CB0718 /* GoogleReporter.framework in Frameworks */ = {isa = PBXBuildFile; fileRef = E717BC0E240F97C400CB0718 /* GoogleReporter.framework */; };
		E717BC10240F97C400CB0718 /* GoogleReporter.framework in Embed Frameworks */ = {isa = PBXBuildFile; fileRef = E717BC0E240F97C400CB0718 /* GoogleReporter.framework */; settings = {ATTRIBUTES = (CodeSignOnCopy, RemoveHeadersOnCopy, ); }; };
		E7A4427124017937006803E2 /* KeyHolder.framework in Frameworks */ = {isa = PBXBuildFile; fileRef = E7A4427024017937006803E2 /* KeyHolder.framework */; };
		E7A442732401793A006803E2 /* Magnet.framework in Frameworks */ = {isa = PBXBuildFile; fileRef = E7A442722401793A006803E2 /* Magnet.framework */; };
/* End PBXBuildFile section */

/* Begin PBXCopyFilesBuildPhase section */
		E7117D1923EFB1C1006F605B /* CopyFiles */ = {
			isa = PBXCopyFilesBuildPhase;
			buildActionMask = 2147483647;
			dstPath = Contents/Library/LoginItems;
			dstSubfolderSpec = 1;
			files = (
				E7117D1A23EFB1EF006F605B /* LauncherTrans.app in CopyFiles */,
			);
			runOnlyForDeploymentPostprocessing = 0;
		};
		E717BC11240F97C400CB0718 /* Embed Frameworks */ = {
			isa = PBXCopyFilesBuildPhase;
			buildActionMask = 2147483647;
			dstPath = "";
			dstSubfolderSpec = 10;
			files = (
				E717BC10240F97C400CB0718 /* GoogleReporter.framework in Embed Frameworks */,
			);
			name = "Embed Frameworks";
			runOnlyForDeploymentPostprocessing = 0;
		};
/* End PBXCopyFilesBuildPhase section */

/* Begin PBXFileReference section */
		2CBB2503235B3B9B00ED8A1F /* iTranslate.app */ = {isa = PBXFileReference; explicitFileType = wrapper.application; includeInIndex = 0; path = iTranslate.app; sourceTree = BUILT_PRODUCTS_DIR; };
		2CBB2506235B3B9B00ED8A1F /* AppDelegate.swift */ = {isa = PBXFileReference; lastKnownFileType = sourcecode.swift; path = AppDelegate.swift; sourceTree = "<group>"; };
		2CBB2508235B3B9C00ED8A1F /* Assets.xcassets */ = {isa = PBXFileReference; lastKnownFileType = folder.assetcatalog; path = Assets.xcassets; sourceTree = "<group>"; };
		2CBB250B235B3B9C00ED8A1F /* Base */ = {isa = PBXFileReference; lastKnownFileType = file.xib; name = Base; path = Base.lproj/MainMenu.xib; sourceTree = "<group>"; };
		2CBB250D235B3B9C00ED8A1F /* Info.plist */ = {isa = PBXFileReference; lastKnownFileType = text.plist.xml; path = Info.plist; sourceTree = "<group>"; };
		2CBB250E235B3B9C00ED8A1F /* trans.entitlements */ = {isa = PBXFileReference; lastKnownFileType = text.plist.entitlements; path = trans.entitlements; sourceTree = "<group>"; };
		2CBB2536235BF75400ED8A1F /* PopoverViewController.xib */ = {isa = PBXFileReference; fileEncoding = 4; lastKnownFileType = file.xib; path = PopoverViewController.xib; sourceTree = "<group>"; };
		2CBB2537235BF75400ED8A1F /* PopoverViewController.swift */ = {isa = PBXFileReference; fileEncoding = 4; lastKnownFileType = sourcecode.swift; path = PopoverViewController.swift; sourceTree = "<group>"; };
		E7117D0623EFB068006F605B /* LauncherTrans.app */ = {isa = PBXFileReference; explicitFileType = wrapper.application; includeInIndex = 0; path = LauncherTrans.app; sourceTree = BUILT_PRODUCTS_DIR; };
		E7117D0823EFB068006F605B /* AppDelegate.swift */ = {isa = PBXFileReference; lastKnownFileType = sourcecode.swift; path = AppDelegate.swift; sourceTree = "<group>"; };
		E7117D0C23EFB069006F605B /* Assets.xcassets */ = {isa = PBXFileReference; lastKnownFileType = folder.assetcatalog; path = Assets.xcassets; sourceTree = "<group>"; };
		E7117D1423EFB069006F605B /* Info.plist */ = {isa = PBXFileReference; lastKnownFileType = text.plist.xml; path = Info.plist; sourceTree = "<group>"; };
		E7117D1523EFB069006F605B /* LauncherTrans.entitlements */ = {isa = PBXFileReference; lastKnownFileType = text.plist.entitlements; path = LauncherTrans.entitlements; sourceTree = "<group>"; };
		E7117D1C23EFB238006F605B /* ServiceManagement.framework */ = {isa = PBXFileReference; lastKnownFileType = wrapper.framework; name = ServiceManagement.framework; path = System/Library/Frameworks/ServiceManagement.framework; sourceTree = SDKROOT; };
		E717BC0E240F97C400CB0718 /* GoogleReporter.framework */ = {isa = PBXFileReference; lastKnownFileType = wrapper.framework; name = GoogleReporter.framework; path = Carthage/Build/Mac/GoogleReporter.framework; sourceTree = "<group>"; };
		E7A4427024017937006803E2 /* KeyHolder.framework */ = {isa = PBXFileReference; lastKnownFileType = wrapper.framework; name = KeyHolder.framework; path = Carthage/Build/Mac/KeyHolder.framework; sourceTree = "<group>"; };
		E7A442722401793A006803E2 /* Magnet.framework */ = {isa = PBXFileReference; lastKnownFileType = wrapper.framework; name = Magnet.framework; path = Carthage/Build/Mac/Magnet.framework; sourceTree = "<group>"; };
/* End PBXFileReference section */

/* Begin PBXFrameworksBuildPhase section */
		2CBB2500235B3B9B00ED8A1F /* Frameworks */ = {
			isa = PBXFrameworksBuildPhase;
			buildActionMask = 2147483647;
			files = (
				E717BC0F240F97C400CB0718 /* GoogleReporter.framework in Frameworks */,
				E7117D1D23EFB238006F605B /* ServiceManagement.framework in Frameworks */,
				E7A4427124017937006803E2 /* KeyHolder.framework in Frameworks */,
				E7A442732401793A006803E2 /* Magnet.framework in Frameworks */,
			);
			runOnlyForDeploymentPostprocessing = 0;
		};
		E7117D0323EFB068006F605B /* Frameworks */ = {
			isa = PBXFrameworksBuildPhase;
			buildActionMask = 2147483647;
			files = (
			);
			runOnlyForDeploymentPostprocessing = 0;
		};
/* End PBXFrameworksBuildPhase section */

/* Begin PBXGroup section */
		2CBB24FA235B3B9B00ED8A1F = {
			isa = PBXGroup;
			children = (
				2CBB2505235B3B9B00ED8A1F /* iTranslate */,
				E7117D0723EFB068006F605B /* LauncherTrans */,
				2CBB2504235B3B9B00ED8A1F /* Products */,
				E7117D1B23EFB238006F605B /* Frameworks */,
			);
			sourceTree = "<group>";
		};
		2CBB2504235B3B9B00ED8A1F /* Products */ = {
			isa = PBXGroup;
			children = (
				2CBB2503235B3B9B00ED8A1F /* iTranslate.app */,
				E7117D0623EFB068006F605B /* LauncherTrans.app */,
			);
			name = Products;
			sourceTree = "<group>";
		};
		2CBB2505235B3B9B00ED8A1F /* iTranslate */ = {
			isa = PBXGroup;
			children = (
				2CBB2506235B3B9B00ED8A1F /* AppDelegate.swift */,
				2CBB2537235BF75400ED8A1F /* PopoverViewController.swift */,
				2CBB2536235BF75400ED8A1F /* PopoverViewController.xib */,
				2CBB250A235B3B9C00ED8A1F /* MainMenu.xib */,
				2CBB2508235B3B9C00ED8A1F /* Assets.xcassets */,
				2CBB250E235B3B9C00ED8A1F /* trans.entitlements */,
				2CBB250D235B3B9C00ED8A1F /* Info.plist */,
			);
			path = iTranslate;
			sourceTree = "<group>";
		};
		E7117D0723EFB068006F605B /* LauncherTrans */ = {
			isa = PBXGroup;
			children = (
				E7117D0823EFB068006F605B /* AppDelegate.swift */,
				E7117D0C23EFB069006F605B /* Assets.xcassets */,
				E7117D1423EFB069006F605B /* Info.plist */,
				E7117D1523EFB069006F605B /* LauncherTrans.entitlements */,
			);
			path = LauncherTrans;
			sourceTree = "<group>";
		};
		E7117D1B23EFB238006F605B /* Frameworks */ = {
			isa = PBXGroup;
			children = (
				E717BC0E240F97C400CB0718 /* GoogleReporter.framework */,
				E7A442722401793A006803E2 /* Magnet.framework */,
				E7A4427024017937006803E2 /* KeyHolder.framework */,
				E7117D1C23EFB238006F605B /* ServiceManagement.framework */,
			);
			name = Frameworks;
			sourceTree = "<group>";
		};
/* End PBXGroup section */

/* Begin PBXNativeTarget section */
		2CBB2502235B3B9B00ED8A1F /* iTranslate */ = {
			isa = PBXNativeTarget;
			buildConfigurationList = 2CBB2527235B3B9C00ED8A1F /* Build configuration list for PBXNativeTarget "iTranslate" */;
			buildPhases = (
				2CBB24FF235B3B9B00ED8A1F /* Sources */,
				2CBB2500235B3B9B00ED8A1F /* Frameworks */,
				2CBB2501235B3B9B00ED8A1F /* Resources */,
				E7117D1923EFB1C1006F605B /* CopyFiles */,
				E7A4427424017953006803E2 /* ShellScript */,
				E717BC11240F97C400CB0718 /* Embed Frameworks */,
			);
			buildRules = (
			);
			dependencies = (
			);
			name = iTranslate;
			productName = trans;
			productReference = 2CBB2503235B3B9B00ED8A1F /* iTranslate.app */;
			productType = "com.apple.product-type.application";
		};
		E7117D0523EFB068006F605B /* LauncherTrans */ = {
			isa = PBXNativeTarget;
			buildConfigurationList = E7117D1823EFB069006F605B /* Build configuration list for PBXNativeTarget "LauncherTrans" */;
			buildPhases = (
				E7117D0223EFB068006F605B /* Sources */,
				E7117D0323EFB068006F605B /* Frameworks */,
				E7117D0423EFB068006F605B /* Resources */,
			);
			buildRules = (
			);
			dependencies = (
			);
			name = LauncherTrans;
			productName = LauncherTrans;
			productReference = E7117D0623EFB068006F605B /* LauncherTrans.app */;
			productType = "com.apple.product-type.application";
		};
/* End PBXNativeTarget section */

/* Begin PBXProject section */
		2CBB24FB235B3B9B00ED8A1F /* Project object */ = {
			isa = PBXProject;
			attributes = {
				LastSwiftUpdateCheck = 1130;
				LastUpgradeCheck = 1130;
				ORGANIZATIONNAME = com.tlang;
				TargetAttributes = {
					2CBB2502235B3B9B00ED8A1F = {
						CreatedOnToolsVersion = 11.1;
					};
					E7117D0523EFB068006F605B = {
						CreatedOnToolsVersion = 11.3.1;
					};
				};
			};
			buildConfigurationList = 2CBB24FE235B3B9B00ED8A1F /* Build configuration list for PBXProject "简译· iTranslate" */;
			compatibilityVersion = "Xcode 11.0";
			developmentRegion = en;
			hasScannedForEncodings = 0;
			knownRegions = (
				en,
				Base,
			);
			mainGroup = 2CBB24FA235B3B9B00ED8A1F;
			productRefGroup = 2CBB2504235B3B9B00ED8A1F /* Products */;
			projectDirPath = "";
			projectRoot = "";
			targets = (
				2CBB2502235B3B9B00ED8A1F /* iTranslate */,
				E7117D0523EFB068006F605B /* LauncherTrans */,
			);
		};
/* End PBXProject section */

/* Begin PBXResourcesBuildPhase section */
		2CBB2501235B3B9B00ED8A1F /* Resources */ = {
			isa = PBXResourcesBuildPhase;
			buildActionMask = 2147483647;
			files = (
				2CBB2538235BF75400ED8A1F /* PopoverViewController.xib in Resources */,
				2CBB2509235B3B9C00ED8A1F /* Assets.xcassets in Resources */,
				2CBB250C235B3B9C00ED8A1F /* MainMenu.xib in Resources */,
			);
			runOnlyForDeploymentPostprocessing = 0;
		};
		E7117D0423EFB068006F605B /* Resources */ = {
			isa = PBXResourcesBuildPhase;
			buildActionMask = 2147483647;
			files = (
				E7117D0D23EFB069006F605B /* Assets.xcassets in Resources */,
			);
			runOnlyForDeploymentPostprocessing = 0;
		};
/* End PBXResourcesBuildPhase section */

/* Begin PBXShellScriptBuildPhase section */
		E7A4427424017953006803E2 /* ShellScript */ = {
			isa = PBXShellScriptBuildPhase;
			buildActionMask = 2147483647;
			files = (
			);
			inputFileListPaths = (
			);
			inputPaths = (
				"$(SRCROOT)/Carthage/Build/Mac/KeyHolder.framework",
				"$(SRCROOT)/Carthage/Build/Mac/Magnet.framework",
			);
			outputFileListPaths = (
			);
			outputPaths = (
			);
			runOnlyForDeploymentPostprocessing = 0;
			shellPath = /bin/sh;
			shellScript = "# Type a script or drag a script file from your workspace to insert its path.\n/usr/local/bin/carthage copy-frameworks\n";
		};
/* End PBXShellScriptBuildPhase section */

/* Begin PBXSourcesBuildPhase section */
		2CBB24FF235B3B9B00ED8A1F /* Sources */ = {
			isa = PBXSourcesBuildPhase;
			buildActionMask = 2147483647;
			files = (
				2CBB2539235BF75400ED8A1F /* PopoverViewController.swift in Sources */,
				2CBB2507235B3B9B00ED8A1F /* AppDelegate.swift in Sources */,
			);
			runOnlyForDeploymentPostprocessing = 0;
		};
		E7117D0223EFB068006F605B /* Sources */ = {
			isa = PBXSourcesBuildPhase;
			buildActionMask = 2147483647;
			files = (
				E7117D0923EFB068006F605B /* AppDelegate.swift in Sources */,
			);
			runOnlyForDeploymentPostprocessing = 0;
		};
/* End PBXSourcesBuildPhase section */

/* Begin PBXVariantGroup section */
		2CBB250A235B3B9C00ED8A1F /* MainMenu.xib */ = {
			isa = PBXVariantGroup;
			children = (
				2CBB250B235B3B9C00ED8A1F /* Base */,
			);
			name = MainMenu.xib;
			sourceTree = "<group>";
		};
/* End PBXVariantGroup section */

/* Begin XCBuildConfiguration section */
		2CBB2525235B3B9C00ED8A1F /* Debug */ = {
			isa = XCBuildConfiguration;
			buildSettings = {
				ALWAYS_SEARCH_USER_PATHS = NO;
				CLANG_ANALYZER_NONNULL = YES;
				CLANG_ANALYZER_NUMBER_OBJECT_CONVERSION = YES_AGGRESSIVE;
				CLANG_CXX_LANGUAGE_STANDARD = "gnu++14";
				CLANG_CXX_LIBRARY = "libc++";
				CLANG_ENABLE_MODULES = YES;
				CLANG_ENABLE_OBJC_ARC = YES;
				CLANG_ENABLE_OBJC_WEAK = YES;
				CLANG_WARN_BLOCK_CAPTURE_AUTORELEASING = YES;
				CLANG_WARN_BOOL_CONVERSION = YES;
				CLANG_WARN_COMMA = YES;
				CLANG_WARN_CONSTANT_CONVERSION = YES;
				CLANG_WARN_DEPRECATED_OBJC_IMPLEMENTATIONS = YES;
				CLANG_WARN_DIRECT_OBJC_ISA_USAGE = YES_ERROR;
				CLANG_WARN_DOCUMENTATION_COMMENTS = YES;
				CLANG_WARN_EMPTY_BODY = YES;
				CLANG_WARN_ENUM_CONVERSION = YES;
				CLANG_WARN_INFINITE_RECURSION = YES;
				CLANG_WARN_INT_CONVERSION = YES;
				CLANG_WARN_NON_LITERAL_NULL_CONVERSION = YES;
				CLANG_WARN_OBJC_IMPLICIT_RETAIN_SELF = YES;
				CLANG_WARN_OBJC_LITERAL_CONVERSION = YES;
				CLANG_WARN_OBJC_ROOT_CLASS = YES_ERROR;
				CLANG_WARN_RANGE_LOOP_ANALYSIS = YES;
				CLANG_WARN_STRICT_PROTOTYPES = YES;
				CLANG_WARN_SUSPICIOUS_MOVE = YES;
				CLANG_WARN_UNGUARDED_AVAILABILITY = YES_AGGRESSIVE;
				CLANG_WARN_UNREACHABLE_CODE = YES;
				CLANG_WARN__DUPLICATE_METHOD_MATCH = YES;
				COPY_PHASE_STRIP = NO;
				DEBUG_INFORMATION_FORMAT = dwarf;
				ENABLE_STRICT_OBJC_MSGSEND = YES;
				ENABLE_TESTABILITY = YES;
				GCC_C_LANGUAGE_STANDARD = gnu11;
				GCC_DYNAMIC_NO_PIC = NO;
				GCC_NO_COMMON_BLOCKS = YES;
				GCC_OPTIMIZATION_LEVEL = 0;
				GCC_PREPROCESSOR_DEFINITIONS = (
					"DEBUG=1",
					"$(inherited)",
				);
				GCC_WARN_64_TO_32_BIT_CONVERSION = YES;
				GCC_WARN_ABOUT_RETURN_TYPE = YES_ERROR;
				GCC_WARN_UNDECLARED_SELECTOR = YES;
				GCC_WARN_UNINITIALIZED_AUTOS = YES_AGGRESSIVE;
				GCC_WARN_UNUSED_FUNCTION = YES;
				GCC_WARN_UNUSED_VARIABLE = YES;
				MACOSX_DEPLOYMENT_TARGET = 10.14;
				MTL_ENABLE_DEBUG_INFO = INCLUDE_SOURCE;
				MTL_FAST_MATH = YES;
				ONLY_ACTIVE_ARCH = YES;
				SDKROOT = macosx;
				SWIFT_ACTIVE_COMPILATION_CONDITIONS = DEBUG;
				SWIFT_OBJC_BRIDGING_HEADER = "";
				SWIFT_OPTIMIZATION_LEVEL = "-Onone";
			};
			name = Debug;
		};
		2CBB2526235B3B9C00ED8A1F /* Release */ = {
			isa = XCBuildConfiguration;
			buildSettings = {
				ALWAYS_SEARCH_USER_PATHS = NO;
				CLANG_ANALYZER_NONNULL = YES;
				CLANG_ANALYZER_NUMBER_OBJECT_CONVERSION = YES_AGGRESSIVE;
				CLANG_CXX_LANGUAGE_STANDARD = "gnu++14";
				CLANG_CXX_LIBRARY = "libc++";
				CLANG_ENABLE_MODULES = YES;
				CLANG_ENABLE_OBJC_ARC = YES;
				CLANG_ENABLE_OBJC_WEAK = YES;
				CLANG_WARN_BLOCK_CAPTURE_AUTORELEASING = YES;
				CLANG_WARN_BOOL_CONVERSION = YES;
				CLANG_WARN_COMMA = YES;
				CLANG_WARN_CONSTANT_CONVERSION = YES;
				CLANG_WARN_DEPRECATED_OBJC_IMPLEMENTATIONS = YES;
				CLANG_WARN_DIRECT_OBJC_ISA_USAGE = YES_ERROR;
				CLANG_WARN_DOCUMENTATION_COMMENTS = YES;
				CLANG_WARN_EMPTY_BODY = YES;
				CLANG_WARN_ENUM_CONVERSION = YES;
				CLANG_WARN_INFINITE_RECURSION = YES;
				CLANG_WARN_INT_CONVERSION = YES;
				CLANG_WARN_NON_LITERAL_NULL_CONVERSION = YES;
				CLANG_WARN_OBJC_IMPLICIT_RETAIN_SELF = YES;
				CLANG_WARN_OBJC_LITERAL_CONVERSION = YES;
				CLANG_WARN_OBJC_ROOT_CLASS = YES_ERROR;
				CLANG_WARN_RANGE_LOOP_ANALYSIS = YES;
				CLANG_WARN_STRICT_PROTOTYPES = YES;
				CLANG_WARN_SUSPICIOUS_MOVE = YES;
				CLANG_WARN_UNGUARDED_AVAILABILITY = YES_AGGRESSIVE;
				CLANG_WARN_UNREACHABLE_CODE = YES;
				CLANG_WARN__DUPLICATE_METHOD_MATCH = YES;
				COPY_PHASE_STRIP = NO;
				DEBUG_INFORMATION_FORMAT = "dwarf-with-dsym";
				ENABLE_NS_ASSERTIONS = NO;
				ENABLE_STRICT_OBJC_MSGSEND = YES;
				GCC_C_LANGUAGE_STANDARD = gnu11;
				GCC_NO_COMMON_BLOCKS = YES;
				GCC_WARN_64_TO_32_BIT_CONVERSION = YES;
				GCC_WARN_ABOUT_RETURN_TYPE = YES_ERROR;
				GCC_WARN_UNDECLARED_SELECTOR = YES;
				GCC_WARN_UNINITIALIZED_AUTOS = YES_AGGRESSIVE;
				GCC_WARN_UNUSED_FUNCTION = YES;
				GCC_WARN_UNUSED_VARIABLE = YES;
				MACOSX_DEPLOYMENT_TARGET = 10.14;
				MTL_ENABLE_DEBUG_INFO = NO;
				MTL_FAST_MATH = YES;
				SDKROOT = macosx;
				SWIFT_COMPILATION_MODE = wholemodule;
				SWIFT_OBJC_BRIDGING_HEADER = "";
				SWIFT_OPTIMIZATION_LEVEL = "-O";
			};
			name = Release;
		};
		2CBB2528235B3B9C00ED8A1F /* Debug */ = {
			isa = XCBuildConfiguration;
			buildSettings = {
				ASSETCATALOG_COMPILER_APPICON_NAME = AppIcon;
				CODE_SIGN_ENTITLEMENTS = iTranslate/trans.entitlements;
				CODE_SIGN_IDENTITY = "Apple Development";
				CODE_SIGN_STYLE = Automatic;
				COMBINE_HIDPI_IMAGES = YES;
				CURRENT_PROJECT_VERSION = 6;
				DEVELOPMENT_TEAM = NPQHYBSUAH;
				FRAMEWORK_SEARCH_PATHS = (
					"$(inherited)",
					"$(PROJECT_DIR)/Carthage/Build/Mac",
				);
				INFOPLIST_FILE = iTranslate/Info.plist;
				LD_RUNPATH_SEARCH_PATHS = (
					"$(inherited)",
					"@executable_path/../Frameworks",
				);
				MACOSX_DEPLOYMENT_TARGET = 10.14;
				MARKETING_VERSION = 1.1;
				PRODUCT_BUNDLE_IDENTIFIER = com.tlang.itranslate;
				PRODUCT_NAME = "$(TARGET_NAME)";
				SWIFT_OBJC_BRIDGING_HEADER = "";
				SWIFT_VERSION = 5.0;
			};
			name = Debug;
		};
		2CBB2529235B3B9C00ED8A1F /* Release */ = {
			isa = XCBuildConfiguration;
			buildSettings = {
				ASSETCATALOG_COMPILER_APPICON_NAME = AppIcon;
				CODE_SIGN_ENTITLEMENTS = iTranslate/trans.entitlements;
				CODE_SIGN_IDENTITY = "Apple Development";
				CODE_SIGN_STYLE = Automatic;
				COMBINE_HIDPI_IMAGES = YES;
				CURRENT_PROJECT_VERSION = 6;
				DEVELOPMENT_TEAM = NPQHYBSUAH;
				FRAMEWORK_SEARCH_PATHS = (
					"$(inherited)",
					"$(PROJECT_DIR)/Carthage/Build/Mac",
				);
				INFOPLIST_FILE = iTranslate/Info.plist;
				LD_RUNPATH_SEARCH_PATHS = (
					"$(inherited)",
					"@executable_path/../Frameworks",
				);
				MACOSX_DEPLOYMENT_TARGET = 10.14;
				MARKETING_VERSION = 1.1;
				PRODUCT_BUNDLE_IDENTIFIER = com.tlang.itranslate;
				PRODUCT_NAME = "$(TARGET_NAME)";
				SWIFT_OBJC_BRIDGING_HEADER = "";
				SWIFT_VERSION = 5.0;
			};
			name = Release;
		};
		E7117D1623EFB069006F605B /* Debug */ = {
			isa = XCBuildConfiguration;
			buildSettings = {
				ASSETCATALOG_COMPILER_APPICON_NAME = AppIcon;
				CODE_SIGN_ENTITLEMENTS = LauncherTrans/LauncherTrans.entitlements;
				CODE_SIGN_STYLE = Automatic;
				COMBINE_HIDPI_IMAGES = YES;
				CURRENT_PROJECT_VERSION = 2;
				DEVELOPMENT_ASSET_PATHS = "";
				DEVELOPMENT_TEAM = NPQHYBSUAH;
				ENABLE_PREVIEWS = YES;
				INFOPLIST_FILE = LauncherTrans/Info.plist;
				LD_RUNPATH_SEARCH_PATHS = (
					"$(inherited)",
					"@executable_path/../Frameworks",
				);
				MACOSX_DEPLOYMENT_TARGET = 10.14;
				PRODUCT_BUNDLE_IDENTIFIER = com.tlang.LauncherTrans;
				PRODUCT_NAME = "$(TARGET_NAME)";
				SKIP_INSTALL = YES;
				SWIFT_VERSION = 5.0;
			};
			name = Debug;
		};
		E7117D1723EFB069006F605B /* Release */ = {
			isa = XCBuildConfiguration;
			buildSettings = {
				ASSETCATALOG_COMPILER_APPICON_NAME = AppIcon;
				CODE_SIGN_ENTITLEMENTS = LauncherTrans/LauncherTrans.entitlements;
				CODE_SIGN_STYLE = Automatic;
				COMBINE_HIDPI_IMAGES = YES;
				CURRENT_PROJECT_VERSION = 2;
				DEVELOPMENT_ASSET_PATHS = "";
				DEVELOPMENT_TEAM = NPQHYBSUAH;
				ENABLE_PREVIEWS = YES;
				INFOPLIST_FILE = LauncherTrans/Info.plist;
				LD_RUNPATH_SEARCH_PATHS = (
					"$(inherited)",
					"@executable_path/../Frameworks",
				);
				MACOSX_DEPLOYMENT_TARGET = 10.14;
				PRODUCT_BUNDLE_IDENTIFIER = com.tlang.LauncherTrans;
				PRODUCT_NAME = "$(TARGET_NAME)";
				SKIP_INSTALL = YES;
				SWIFT_VERSION = 5.0;
			};
			name = Release;
		};
/* End XCBuildConfiguration section */

/* Begin XCConfigurationList section */
		2CBB24FE235B3B9B00ED8A1F /* Build configuration list for PBXProject "简译· iTranslate" */ = {
			isa = XCConfigurationList;
			buildConfigurations = (
				2CBB2525235B3B9C00ED8A1F /* Debug */,
				2CBB2526235B3B9C00ED8A1F /* Release */,
			);
			defaultConfigurationIsVisible = 0;
			defaultConfigurationName = Release;
		};
		2CBB2527235B3B9C00ED8A1F /* Build configuration list for PBXNativeTarget "iTranslate" */ = {
			isa = XCConfigurationList;
			buildConfigurations = (
				2CBB2528235B3B9C00ED8A1F /* Debug */,
				2CBB2529235B3B9C00ED8A1F /* Release */,
			);
			defaultConfigurationIsVisible = 0;
			defaultConfigurationName = Release;
		};
		E7117D1823EFB069006F605B /* Build configuration list for PBXNativeTarget "LauncherTrans" */ = {
			isa = XCConfigurationList;
			buildConfigurations = (
				E7117D1623EFB069006F605B /* Debug */,
				E7117D1723EFB069006F605B /* Release */,
			);
			defaultConfigurationIsVisible = 0;
			defaultConfigurationName = Release;
		};
/* End XCConfigurationList section */
	};
	rootObject = 2CBB24FB235B3B9B00ED8A1F /* Project object */;
}
